// !$*UTF8*$!
{
	archiveVersion = 1;
	classes = {
	};
	objectVersion = 56;
	objects = {

/* Begin PBXBuildFile section */
		1DDA49AB7D786FD59690A1C8 /* AuthenticationModule.swift in Sources */ = {isa = PBXBuildFile; fileRef = 30F97EDC91B465924DE62BA0 /* AuthenticationModule.swift */; };
		3411C1D5299C874600C7F270 /* Signup.storyboard in Resources */ = {isa = PBXBuildFile; fileRef = 3411C1D4299C874600C7F270 /* Signup.storyboard */; };
		3411C1D7299C876300C7F270 /* SignupViewController.swift in Sources */ = {isa = PBXBuildFile; fileRef = 3411C1D6299C876300C7F270 /* SignupViewController.swift */; };
		3417A6DF299A88F60051391F /* AppDelegate.swift in Sources */ = {isa = PBXBuildFile; fileRef = 3417A6DE299A88F60051391F /* AppDelegate.swift */; };
		3417A6E1299A88F60051391F /* SceneDelegate.swift in Sources */ = {isa = PBXBuildFile; fileRef = 3417A6E0299A88F60051391F /* SceneDelegate.swift */; };
		3417A6E3299A88F60051391F /* ViewController.swift in Sources */ = {isa = PBXBuildFile; fileRef = 3417A6E2299A88F60051391F /* ViewController.swift */; };
		3417A6E6299A88F60051391F /* Main.storyboard in Resources */ = {isa = PBXBuildFile; fileRef = 3417A6E4299A88F60051391F /* Main.storyboard */; };
		3417A6E8299A88F70051391F /* Assets.xcassets in Resources */ = {isa = PBXBuildFile; fileRef = 3417A6E7299A88F70051391F /* Assets.xcassets */; };
		3417A6EB299A88F70051391F /* LaunchScreen.storyboard in Resources */ = {isa = PBXBuildFile; fileRef = 3417A6E9299A88F70051391F /* LaunchScreen.storyboard */; };
		3417A6F6299A88F70051391F /* DateApps2023Tests.swift in Sources */ = {isa = PBXBuildFile; fileRef = 3417A6F5299A88F70051391F /* DateApps2023Tests.swift */; };
		3417A700299A88F70051391F /* DateApps2023UITests.swift in Sources */ = {isa = PBXBuildFile; fileRef = 3417A6FF299A88F70051391F /* DateApps2023UITests.swift */; };
		3417A702299A88F70051391F /* DateApps2023UITestsLaunchTests.swift in Sources */ = {isa = PBXBuildFile; fileRef = 3417A701299A88F70051391F /* DateApps2023UITestsLaunchTests.swift */; };
		3417A70F299A89AA0051391F /* GoogleService-Info.plist in Resources */ = {isa = PBXBuildFile; fileRef = 3417A70E299A89AA0051391F /* GoogleService-Info.plist */; };
		3426D2D1299B7D05008EF9E4 /* RxBlocking in Frameworks */ = {isa = PBXBuildFile; productRef = 3426D2D0299B7D05008EF9E4 /* RxBlocking */; };
		3426D2D3299B7D05008EF9E4 /* RxCocoa in Frameworks */ = {isa = PBXBuildFile; productRef = 3426D2D2299B7D05008EF9E4 /* RxCocoa */; };
		3426D2D5299B7D05008EF9E4 /* RxRelay in Frameworks */ = {isa = PBXBuildFile; productRef = 3426D2D4299B7D05008EF9E4 /* RxRelay */; };
		3426D2D7299B7D05008EF9E4 /* RxSwift in Frameworks */ = {isa = PBXBuildFile; productRef = 3426D2D6299B7D05008EF9E4 /* RxSwift */; };
		3426D2D9299B7D05008EF9E4 /* RxTest in Frameworks */ = {isa = PBXBuildFile; productRef = 3426D2D8299B7D05008EF9E4 /* RxTest */; };
		342EFCBA299B235700AE8C96 /* FirebaseAnalytics in Frameworks */ = {isa = PBXBuildFile; productRef = 342EFCB9299B235700AE8C96 /* FirebaseAnalytics */; };
		342EFCBC299B235700AE8C96 /* FirebaseAuth in Frameworks */ = {isa = PBXBuildFile; productRef = 342EFCBB299B235700AE8C96 /* FirebaseAuth */; };
		342EFCBE299B235700AE8C96 /* FirebaseFirestore in Frameworks */ = {isa = PBXBuildFile; productRef = 342EFCBD299B235700AE8C96 /* FirebaseFirestore */; };
		342EFCC0299B235700AE8C96 /* FirebaseStorage in Frameworks */ = {isa = PBXBuildFile; productRef = 342EFCBF299B235700AE8C96 /* FirebaseStorage */; };
		3443DFB6299CB08C006EACB0 /* HomeViewController.swift in Sources */ = {isa = PBXBuildFile; fileRef = 3443DFB5299CB08C006EACB0 /* HomeViewController.swift */; };
		3443DFB8299CB0B0006EACB0 /* Home.storyboard in Resources */ = {isa = PBXBuildFile; fileRef = 3443DFB7299CB0B0006EACB0 /* Home.storyboard */; };
		3443DFBB299CBA8D006EACB0 /* LoginViewController.swift in Sources */ = {isa = PBXBuildFile; fileRef = 3443DFBA299CBA8D006EACB0 /* LoginViewController.swift */; };
		3443DFBD299CBA9E006EACB0 /* Login.storyboard in Resources */ = {isa = PBXBuildFile; fileRef = 3443DFBC299CBA9E006EACB0 /* Login.storyboard */; };
		A3CBF74F751ED6931D310C27 /* AccountRepository.swift in Sources */ = {isa = PBXBuildFile; fileRef = 9B6649E7619C59554DB4BF26 /* AccountRepository.swift */; };
		DB8CE339851291659D73BA1B /* AuthenticationViewModel.swift in Sources */ = {isa = PBXBuildFile; fileRef = A382C5838719643FE71A12F0 /* AuthenticationViewModel.swift */; };
		FACE5695E0D32F765C6D3BC8 /* User.swift in Sources */ = {isa = PBXBuildFile; fileRef = C732A00BABD6CEE00C75B7BB /* User.swift */; };
		FBB491DBCA9BB0494FC741C0 /* FirebaseAccountRepository.swift in Sources */ = {isa = PBXBuildFile; fileRef = DC06F7876B74E359EED0DE44 /* FirebaseAccountRepository.swift */; };
/* End PBXBuildFile section */

/* Begin PBXContainerItemProxy section */
		3417A6F2299A88F70051391F /* PBXContainerItemProxy */ = {
			isa = PBXContainerItemProxy;
			containerPortal = 3417A6D3299A88F60051391F /* Project object */;
			proxyType = 1;
			remoteGlobalIDString = 3417A6DA299A88F60051391F;
			remoteInfo = DateApps2023;
		};
		3417A6FC299A88F70051391F /* PBXContainerItemProxy */ = {
			isa = PBXContainerItemProxy;
			containerPortal = 3417A6D3299A88F60051391F /* Project object */;
			proxyType = 1;
			remoteGlobalIDString = 3417A6DA299A88F60051391F;
			remoteInfo = DateApps2023;
		};
/* End PBXContainerItemProxy section */

/* Begin PBXFileReference section */
		30F97EDC91B465924DE62BA0 /* AuthenticationModule.swift */ = {isa = PBXFileReference; includeInIndex = 1; lastKnownFileType = sourcecode.swift; path = AuthenticationModule.swift; sourceTree = "<group>"; };
		3411C1D4299C874600C7F270 /* Signup.storyboard */ = {isa = PBXFileReference; lastKnownFileType = file.storyboard; path = Signup.storyboard; sourceTree = "<group>"; };
		3411C1D6299C876300C7F270 /* SignupViewController.swift */ = {isa = PBXFileReference; lastKnownFileType = sourcecode.swift; path = SignupViewController.swift; sourceTree = "<group>"; };
		3417A6DB299A88F60051391F /* DateApps2023.app */ = {isa = PBXFileReference; explicitFileType = wrapper.application; includeInIndex = 0; path = DateApps2023.app; sourceTree = BUILT_PRODUCTS_DIR; };
		3417A6DE299A88F60051391F /* AppDelegate.swift */ = {isa = PBXFileReference; lastKnownFileType = sourcecode.swift; path = AppDelegate.swift; sourceTree = "<group>"; };
		3417A6E0299A88F60051391F /* SceneDelegate.swift */ = {isa = PBXFileReference; lastKnownFileType = sourcecode.swift; path = SceneDelegate.swift; sourceTree = "<group>"; };
		3417A6E2299A88F60051391F /* ViewController.swift */ = {isa = PBXFileReference; lastKnownFileType = sourcecode.swift; path = ViewController.swift; sourceTree = "<group>"; };
		3417A6E5299A88F60051391F /* Base */ = {isa = PBXFileReference; lastKnownFileType = file.storyboard; name = Base; path = Base.lproj/Main.storyboard; sourceTree = "<group>"; };
		3417A6E7299A88F70051391F /* Assets.xcassets */ = {isa = PBXFileReference; lastKnownFileType = folder.assetcatalog; path = Assets.xcassets; sourceTree = "<group>"; };
		3417A6EA299A88F70051391F /* Base */ = {isa = PBXFileReference; lastKnownFileType = file.storyboard; name = Base; path = Base.lproj/LaunchScreen.storyboard; sourceTree = "<group>"; };
		3417A6EC299A88F70051391F /* Info.plist */ = {isa = PBXFileReference; lastKnownFileType = text.plist.xml; path = Info.plist; sourceTree = "<group>"; };
		3417A6F1299A88F70051391F /* DateApps2023Tests.xctest */ = {isa = PBXFileReference; explicitFileType = wrapper.cfbundle; includeInIndex = 0; path = DateApps2023Tests.xctest; sourceTree = BUILT_PRODUCTS_DIR; };
		3417A6F5299A88F70051391F /* DateApps2023Tests.swift */ = {isa = PBXFileReference; lastKnownFileType = sourcecode.swift; path = DateApps2023Tests.swift; sourceTree = "<group>"; };
		3417A6FB299A88F70051391F /* DateApps2023UITests.xctest */ = {isa = PBXFileReference; explicitFileType = wrapper.cfbundle; includeInIndex = 0; path = DateApps2023UITests.xctest; sourceTree = BUILT_PRODUCTS_DIR; };
		3417A6FF299A88F70051391F /* DateApps2023UITests.swift */ = {isa = PBXFileReference; lastKnownFileType = sourcecode.swift; path = DateApps2023UITests.swift; sourceTree = "<group>"; };
		3417A701299A88F70051391F /* DateApps2023UITestsLaunchTests.swift */ = {isa = PBXFileReference; lastKnownFileType = sourcecode.swift; path = DateApps2023UITestsLaunchTests.swift; sourceTree = "<group>"; };
		3417A70E299A89AA0051391F /* GoogleService-Info.plist */ = {isa = PBXFileReference; fileEncoding = 4; lastKnownFileType = text.plist.xml; path = "GoogleService-Info.plist"; sourceTree = "<group>"; };
		3443DFB5299CB08C006EACB0 /* HomeViewController.swift */ = {isa = PBXFileReference; lastKnownFileType = sourcecode.swift; path = HomeViewController.swift; sourceTree = "<group>"; };
		3443DFB7299CB0B0006EACB0 /* Home.storyboard */ = {isa = PBXFileReference; lastKnownFileType = file.storyboard; path = Home.storyboard; sourceTree = "<group>"; };
		3443DFBA299CBA8D006EACB0 /* LoginViewController.swift */ = {isa = PBXFileReference; lastKnownFileType = sourcecode.swift; path = LoginViewController.swift; sourceTree = "<group>"; };
		3443DFBC299CBA9E006EACB0 /* Login.storyboard */ = {isa = PBXFileReference; lastKnownFileType = file.storyboard; path = Login.storyboard; sourceTree = "<group>"; };
		9B6649E7619C59554DB4BF26 /* AccountRepository.swift */ = {isa = PBXFileReference; includeInIndex = 1; lastKnownFileType = sourcecode.swift; path = AccountRepository.swift; sourceTree = "<group>"; };
		A382C5838719643FE71A12F0 /* AuthenticationViewModel.swift */ = {isa = PBXFileReference; includeInIndex = 1; lastKnownFileType = sourcecode.swift; path = AuthenticationViewModel.swift; sourceTree = "<group>"; };
		C732A00BABD6CEE00C75B7BB /* User.swift */ = {isa = PBXFileReference; includeInIndex = 1; lastKnownFileType = sourcecode.swift; path = User.swift; sourceTree = "<group>"; };
		DC06F7876B74E359EED0DE44 /* FirebaseAccountRepository.swift */ = {isa = PBXFileReference; includeInIndex = 1; lastKnownFileType = sourcecode.swift; path = FirebaseAccountRepository.swift; sourceTree = "<group>"; };
/* End PBXFileReference section */

/* Begin PBXFrameworksBuildPhase section */
		3417A6D8299A88F60051391F /* Frameworks */ = {
			isa = PBXFrameworksBuildPhase;
			buildActionMask = 2147483647;
			files = (
				3426D2D3299B7D05008EF9E4 /* RxCocoa in Frameworks */,
				342EFCBA299B235700AE8C96 /* FirebaseAnalytics in Frameworks */,
				3426D2D5299B7D05008EF9E4 /* RxRelay in Frameworks */,
				342EFCC0299B235700AE8C96 /* FirebaseStorage in Frameworks */,
				342EFCBC299B235700AE8C96 /* FirebaseAuth in Frameworks */,
				342EFCBE299B235700AE8C96 /* FirebaseFirestore in Frameworks */,
				3426D2D7299B7D05008EF9E4 /* RxSwift in Frameworks */,
				3426D2D1299B7D05008EF9E4 /* RxBlocking in Frameworks */,
			);
			runOnlyForDeploymentPostprocessing = 0;
		};
		3417A6EE299A88F70051391F /* Frameworks */ = {
			isa = PBXFrameworksBuildPhase;
			buildActionMask = 2147483647;
			files = (
				3426D2D9299B7D05008EF9E4 /* RxTest in Frameworks */,
			);
			runOnlyForDeploymentPostprocessing = 0;
		};
		3417A6F8299A88F70051391F /* Frameworks */ = {
			isa = PBXFrameworksBuildPhase;
			buildActionMask = 2147483647;
			files = (
			);
			runOnlyForDeploymentPostprocessing = 0;
		};
/* End PBXFrameworksBuildPhase section */

/* Begin PBXGroup section */
		1DC5876C7B5D457C18269250 /* Data */ = {
			isa = PBXGroup;
			children = (
				DC06F7876B74E359EED0DE44 /* FirebaseAccountRepository.swift */,
			);
			name = Data;
			path = Data;
			sourceTree = "<group>";
		};
		3411C1D3299C872800C7F270 /* Signup */ = {
			isa = PBXGroup;
			children = (
				3411C1D4299C874600C7F270 /* Signup.storyboard */,
				3411C1D6299C876300C7F270 /* SignupViewController.swift */,
			);
			path = Signup;
			sourceTree = "<group>";
		};
		3417A6D2299A88F60051391F = {
			isa = PBXGroup;
			children = (
				3417A6DD299A88F60051391F /* DateApps2023 */,
				3417A6F4299A88F70051391F /* DateApps2023Tests */,
				3417A6FE299A88F70051391F /* DateApps2023UITests */,
				3417A6DC299A88F60051391F /* Products */,
			);
			sourceTree = "<group>";
		};
		3417A6DC299A88F60051391F /* Products */ = {
			isa = PBXGroup;
			children = (
				3417A6DB299A88F60051391F /* DateApps2023.app */,
				3417A6F1299A88F70051391F /* DateApps2023Tests.xctest */,
				3417A6FB299A88F70051391F /* DateApps2023UITests.xctest */,
			);
			name = Products;
			sourceTree = "<group>";
		};
		3417A6DD299A88F60051391F /* DateApps2023 */ = {
			isa = PBXGroup;
			children = (
				3443DFB9299CB575006EACB0 /* Login */,
				3443DFB4299CB07B006EACB0 /* Home */,
				3411C1D3299C872800C7F270 /* Signup */,
				3417A6DE299A88F60051391F /* AppDelegate.swift */,
				3417A6E0299A88F60051391F /* SceneDelegate.swift */,
				3417A6E2299A88F60051391F /* ViewController.swift */,
				3417A6E4299A88F60051391F /* Main.storyboard */,
				3417A6E7299A88F70051391F /* Assets.xcassets */,
				3417A6E9299A88F70051391F /* LaunchScreen.storyboard */,
				3417A6EC299A88F70051391F /* Info.plist */,
				3417A70E299A89AA0051391F /* GoogleService-Info.plist */,
				6248703BA6F411BF75E6F0C3 /* Model */,
				B90781D974114557B85B6983 /* Domain */,
				1DC5876C7B5D457C18269250 /* Data */,
				6EE34FEE5A24D242D151AC18 /* Presentation */,
			);
			path = DateApps2023;
			sourceTree = "<group>";
		};
		3417A6F4299A88F70051391F /* DateApps2023Tests */ = {
			isa = PBXGroup;
			children = (
				3417A6F5299A88F70051391F /* DateApps2023Tests.swift */,
			);
			path = DateApps2023Tests;
			sourceTree = "<group>";
		};
		3417A6FE299A88F70051391F /* DateApps2023UITests */ = {
			isa = PBXGroup;
			children = (
				3417A6FF299A88F70051391F /* DateApps2023UITests.swift */,
				3417A701299A88F70051391F /* DateApps2023UITestsLaunchTests.swift */,
			);
			path = DateApps2023UITests;
			sourceTree = "<group>";
		};
		3443DFB4299CB07B006EACB0 /* Home */ = {
			isa = PBXGroup;
			children = (
				3443DFB5299CB08C006EACB0 /* HomeViewController.swift */,
				3443DFB7299CB0B0006EACB0 /* Home.storyboard */,
			);
			path = Home;
			sourceTree = "<group>";
		};
		3443DFB9299CB575006EACB0 /* Login */ = {
			isa = PBXGroup;
			children = (
				3443DFBA299CBA8D006EACB0 /* LoginViewController.swift */,
				3443DFBC299CBA9E006EACB0 /* Login.storyboard */,
			);
			path = Login;
			sourceTree = "<group>";
		};
		6248703BA6F411BF75E6F0C3 /* Model */ = {
			isa = PBXGroup;
			children = (
				C732A00BABD6CEE00C75B7BB /* User.swift */,
			);
			name = Model;
			path = Model;
			sourceTree = "<group>";
		};
		6EE34FEE5A24D242D151AC18 /* Presentation */ = {
			isa = PBXGroup;
			children = (
				30F97EDC91B465924DE62BA0 /* AuthenticationModule.swift */,
				A382C5838719643FE71A12F0 /* AuthenticationViewModel.swift */,
			);
			name = Presentation;
			path = Presentation;
			sourceTree = "<group>";
		};
		B90781D974114557B85B6983 /* Domain */ = {
			isa = PBXGroup;
			children = (
				9B6649E7619C59554DB4BF26 /* AccountRepository.swift */,
			);
			name = Domain;
			path = Domain;
			sourceTree = "<group>";
		};
/* End PBXGroup section */

/* Begin PBXNativeTarget section */
		3417A6DA299A88F60051391F /* DateApps2023 */ = {
			isa = PBXNativeTarget;
			buildConfigurationList = 3417A705299A88F70051391F /* Build configuration list for PBXNativeTarget "DateApps2023" */;
			buildPhases = (
				3417A6D7299A88F60051391F /* Sources */,
				3417A6D8299A88F60051391F /* Frameworks */,
				3417A6D9299A88F60051391F /* Resources */,
			);
			buildRules = (
			);
			dependencies = (
			);
			name = DateApps2023;
			packageProductDependencies = (
				342EFCB9299B235700AE8C96 /* FirebaseAnalytics */,
				342EFCBB299B235700AE8C96 /* FirebaseAuth */,
				342EFCBD299B235700AE8C96 /* FirebaseFirestore */,
				342EFCBF299B235700AE8C96 /* FirebaseStorage */,
				3426D2D0299B7D05008EF9E4 /* RxBlocking */,
				3426D2D2299B7D05008EF9E4 /* RxCocoa */,
				3426D2D4299B7D05008EF9E4 /* RxRelay */,
				3426D2D6299B7D05008EF9E4 /* RxSwift */,
			);
			productName = DateApps2023;
			productReference = 3417A6DB299A88F60051391F /* DateApps2023.app */;
			productType = "com.apple.product-type.application";
		};
		3417A6F0299A88F70051391F /* DateApps2023Tests */ = {
			isa = PBXNativeTarget;
			buildConfigurationList = 3417A708299A88F70051391F /* Build configuration list for PBXNativeTarget "DateApps2023Tests" */;
			buildPhases = (
				3417A6ED299A88F70051391F /* Sources */,
				3417A6EE299A88F70051391F /* Frameworks */,
				3417A6EF299A88F70051391F /* Resources */,
			);
			buildRules = (
			);
			dependencies = (
				3417A6F3299A88F70051391F /* PBXTargetDependency */,
			);
			name = DateApps2023Tests;
			packageProductDependencies = (
				3426D2D8299B7D05008EF9E4 /* RxTest */,
			);
			productName = DateApps2023Tests;
			productReference = 3417A6F1299A88F70051391F /* DateApps2023Tests.xctest */;
			productType = "com.apple.product-type.bundle.unit-test";
		};
		3417A6FA299A88F70051391F /* DateApps2023UITests */ = {
			isa = PBXNativeTarget;
			buildConfigurationList = 3417A70B299A88F70051391F /* Build configuration list for PBXNativeTarget "DateApps2023UITests" */;
			buildPhases = (
				3417A6F7299A88F70051391F /* Sources */,
				3417A6F8299A88F70051391F /* Frameworks */,
				3417A6F9299A88F70051391F /* Resources */,
			);
			buildRules = (
			);
			dependencies = (
				3417A6FD299A88F70051391F /* PBXTargetDependency */,
			);
			name = DateApps2023UITests;
			productName = DateApps2023UITests;
			productReference = 3417A6FB299A88F70051391F /* DateApps2023UITests.xctest */;
			productType = "com.apple.product-type.bundle.ui-testing";
		};
/* End PBXNativeTarget section */

/* Begin PBXProject section */
		3417A6D3299A88F60051391F /* Project object */ = {
			isa = PBXProject;
			attributes = {
				BuildIndependentTargetsInParallel = 1;
				LastSwiftUpdateCheck = 1410;
				LastUpgradeCheck = 1410;
				TargetAttributes = {
					3417A6DA299A88F60051391F = {
						CreatedOnToolsVersion = 14.1;
					};
					3417A6F0299A88F70051391F = {
						CreatedOnToolsVersion = 14.1;
						TestTargetID = 3417A6DA299A88F60051391F;
					};
					3417A6FA299A88F70051391F = {
						CreatedOnToolsVersion = 14.1;
						TestTargetID = 3417A6DA299A88F60051391F;
					};
				};
			};
			buildConfigurationList = 3417A6D6299A88F60051391F /* Build configuration list for PBXProject "DateApps2023" */;
			compatibilityVersion = "Xcode 14.0";
			developmentRegion = en;
			hasScannedForEncodings = 0;
			knownRegions = (
				en,
				Base,
			);
			mainGroup = 3417A6D2299A88F60051391F;
			packageReferences = (
				342EFCB8299B235700AE8C96 /* XCRemoteSwiftPackageReference "firebase-ios-sdk" */,
				3426D2CF299B7D05008EF9E4 /* XCRemoteSwiftPackageReference "RxSwift" */,
			);
			productRefGroup = 3417A6DC299A88F60051391F /* Products */;
			projectDirPath = "";
			projectRoot = "";
			targets = (
				3417A6DA299A88F60051391F /* DateApps2023 */,
				3417A6F0299A88F70051391F /* DateApps2023Tests */,
				3417A6FA299A88F70051391F /* DateApps2023UITests */,
			);
		};
/* End PBXProject section */

/* Begin PBXResourcesBuildPhase section */
		3417A6D9299A88F60051391F /* Resources */ = {
			isa = PBXResourcesBuildPhase;
			buildActionMask = 2147483647;
			files = (
				3417A6EB299A88F70051391F /* LaunchScreen.storyboard in Resources */,
				3417A70F299A89AA0051391F /* GoogleService-Info.plist in Resources */,
				3443DFBD299CBA9E006EACB0 /* Login.storyboard in Resources */,
				3417A6E8299A88F70051391F /* Assets.xcassets in Resources */,
				3443DFB8299CB0B0006EACB0 /* Home.storyboard in Resources */,
				3411C1D5299C874600C7F270 /* Signup.storyboard in Resources */,
				3417A6E6299A88F60051391F /* Main.storyboard in Resources */,
			);
			runOnlyForDeploymentPostprocessing = 0;
		};
		3417A6EF299A88F70051391F /* Resources */ = {
			isa = PBXResourcesBuildPhase;
			buildActionMask = 2147483647;
			files = (
			);
			runOnlyForDeploymentPostprocessing = 0;
		};
		3417A6F9299A88F70051391F /* Resources */ = {
			isa = PBXResourcesBuildPhase;
			buildActionMask = 2147483647;
			files = (
			);
			runOnlyForDeploymentPostprocessing = 0;
		};
/* End PBXResourcesBuildPhase section */

/* Begin PBXSourcesBuildPhase section */
		3417A6D7299A88F60051391F /* Sources */ = {
			isa = PBXSourcesBuildPhase;
			buildActionMask = 2147483647;
			files = (
				3443DFBB299CBA8D006EACB0 /* LoginViewController.swift in Sources */,
				3443DFB6299CB08C006EACB0 /* HomeViewController.swift in Sources */,
				3417A6E3299A88F60051391F /* ViewController.swift in Sources */,
				3417A6DF299A88F60051391F /* AppDelegate.swift in Sources */,
				3411C1D7299C876300C7F270 /* SignupViewController.swift in Sources */,
				3417A6E1299A88F60051391F /* SceneDelegate.swift in Sources */,
				FACE5695E0D32F765C6D3BC8 /* User.swift in Sources */,
				A3CBF74F751ED6931D310C27 /* AccountRepository.swift in Sources */,
				FBB491DBCA9BB0494FC741C0 /* FirebaseAccountRepository.swift in Sources */,
				1DDA49AB7D786FD59690A1C8 /* AuthenticationModule.swift in Sources */,
				DB8CE339851291659D73BA1B /* AuthenticationViewModel.swift in Sources */,
			);
			runOnlyForDeploymentPostprocessing = 0;
		};
		3417A6ED299A88F70051391F /* Sources */ = {
			isa = PBXSourcesBuildPhase;
			buildActionMask = 2147483647;
			files = (
				3417A6F6299A88F70051391F /* DateApps2023Tests.swift in Sources */,
			);
			runOnlyForDeploymentPostprocessing = 0;
		};
		3417A6F7299A88F70051391F /* Sources */ = {
			isa = PBXSourcesBuildPhase;
			buildActionMask = 2147483647;
			files = (
				3417A700299A88F70051391F /* DateApps2023UITests.swift in Sources */,
				3417A702299A88F70051391F /* DateApps2023UITestsLaunchTests.swift in Sources */,
			);
			runOnlyForDeploymentPostprocessing = 0;
		};
/* End PBXSourcesBuildPhase section */

/* Begin PBXTargetDependency section */
		3417A6F3299A88F70051391F /* PBXTargetDependency */ = {
			isa = PBXTargetDependency;
			target = 3417A6DA299A88F60051391F /* DateApps2023 */;
			targetProxy = 3417A6F2299A88F70051391F /* PBXContainerItemProxy */;
		};
		3417A6FD299A88F70051391F /* PBXTargetDependency */ = {
			isa = PBXTargetDependency;
			target = 3417A6DA299A88F60051391F /* DateApps2023 */;
			targetProxy = 3417A6FC299A88F70051391F /* PBXContainerItemProxy */;
		};
/* End PBXTargetDependency section */

/* Begin PBXVariantGroup section */
		3417A6E4299A88F60051391F /* Main.storyboard */ = {
			isa = PBXVariantGroup;
			children = (
				3417A6E5299A88F60051391F /* Base */,
			);
			name = Main.storyboard;
			sourceTree = "<group>";
		};
		3417A6E9299A88F70051391F /* LaunchScreen.storyboard */ = {
			isa = PBXVariantGroup;
			children = (
				3417A6EA299A88F70051391F /* Base */,
			);
			name = LaunchScreen.storyboard;
			sourceTree = "<group>";
		};
/* End PBXVariantGroup section */

/* Begin XCBuildConfiguration section */
		3417A703299A88F70051391F /* Debug */ = {
			isa = XCBuildConfiguration;
			buildSettings = {
				ALWAYS_SEARCH_USER_PATHS = NO;
				CLANG_ANALYZER_NONNULL = YES;
				CLANG_ANALYZER_NUMBER_OBJECT_CONVERSION = YES_AGGRESSIVE;
				CLANG_CXX_LANGUAGE_STANDARD = "gnu++20";
				CLANG_ENABLE_MODULES = YES;
				CLANG_ENABLE_OBJC_ARC = YES;
				CLANG_ENABLE_OBJC_WEAK = YES;
				CLANG_WARN_BLOCK_CAPTURE_AUTORELEASING = YES;
				CLANG_WARN_BOOL_CONVERSION = YES;
				CLANG_WARN_COMMA = YES;
				CLANG_WARN_CONSTANT_CONVERSION = YES;
				CLANG_WARN_DEPRECATED_OBJC_IMPLEMENTATIONS = YES;
				CLANG_WARN_DIRECT_OBJC_ISA_USAGE = YES_ERROR;
				CLANG_WARN_DOCUMENTATION_COMMENTS = YES;
				CLANG_WARN_EMPTY_BODY = YES;
				CLANG_WARN_ENUM_CONVERSION = YES;
				CLANG_WARN_INFINITE_RECURSION = YES;
				CLANG_WARN_INT_CONVERSION = YES;
				CLANG_WARN_NON_LITERAL_NULL_CONVERSION = YES;
				CLANG_WARN_OBJC_IMPLICIT_RETAIN_SELF = YES;
				CLANG_WARN_OBJC_LITERAL_CONVERSION = YES;
				CLANG_WARN_OBJC_ROOT_CLASS = YES_ERROR;
				CLANG_WARN_QUOTED_INCLUDE_IN_FRAMEWORK_HEADER = YES;
				CLANG_WARN_RANGE_LOOP_ANALYSIS = YES;
				CLANG_WARN_STRICT_PROTOTYPES = YES;
				CLANG_WARN_SUSPICIOUS_MOVE = YES;
				CLANG_WARN_UNGUARDED_AVAILABILITY = YES_AGGRESSIVE;
				CLANG_WARN_UNREACHABLE_CODE = YES;
				CLANG_WARN__DUPLICATE_METHOD_MATCH = YES;
				COPY_PHASE_STRIP = NO;
				DEBUG_INFORMATION_FORMAT = dwarf;
				ENABLE_STRICT_OBJC_MSGSEND = YES;
				ENABLE_TESTABILITY = YES;
				GCC_C_LANGUAGE_STANDARD = gnu11;
				GCC_DYNAMIC_NO_PIC = NO;
				GCC_NO_COMMON_BLOCKS = YES;
				GCC_OPTIMIZATION_LEVEL = 0;
				GCC_PREPROCESSOR_DEFINITIONS = (
					"DEBUG=1",
					"$(inherited)",
				);
				GCC_WARN_64_TO_32_BIT_CONVERSION = YES;
				GCC_WARN_ABOUT_RETURN_TYPE = YES_ERROR;
				GCC_WARN_UNDECLARED_SELECTOR = YES;
				GCC_WARN_UNINITIALIZED_AUTOS = YES_AGGRESSIVE;
				GCC_WARN_UNUSED_FUNCTION = YES;
				GCC_WARN_UNUSED_VARIABLE = YES;
				IPHONEOS_DEPLOYMENT_TARGET = 16.1;
				MTL_ENABLE_DEBUG_INFO = INCLUDE_SOURCE;
				MTL_FAST_MATH = YES;
				ONLY_ACTIVE_ARCH = YES;
				SDKROOT = iphoneos;
				SWIFT_ACTIVE_COMPILATION_CONDITIONS = DEBUG;
				SWIFT_OPTIMIZATION_LEVEL = "-Onone";
			};
			name = Debug;
		};
		3417A704299A88F70051391F /* Release */ = {
			isa = XCBuildConfiguration;
			buildSettings = {
				ALWAYS_SEARCH_USER_PATHS = NO;
				CLANG_ANALYZER_NONNULL = YES;
				CLANG_ANALYZER_NUMBER_OBJECT_CONVERSION = YES_AGGRESSIVE;
				CLANG_CXX_LANGUAGE_STANDARD = "gnu++20";
				CLANG_ENABLE_MODULES = YES;
				CLANG_ENABLE_OBJC_ARC = YES;
				CLANG_ENABLE_OBJC_WEAK = YES;
				CLANG_WARN_BLOCK_CAPTURE_AUTORELEASING = YES;
				CLANG_WARN_BOOL_CONVERSION = YES;
				CLANG_WARN_COMMA = YES;
				CLANG_WARN_CONSTANT_CONVERSION = YES;
				CLANG_WARN_DEPRECATED_OBJC_IMPLEMENTATIONS = YES;
				CLANG_WARN_DIRECT_OBJC_ISA_USAGE = YES_ERROR;
				CLANG_WARN_DOCUMENTATION_COMMENTS = YES;
				CLANG_WARN_EMPTY_BODY = YES;
				CLANG_WARN_ENUM_CONVERSION = YES;
				CLANG_WARN_INFINITE_RECURSION = YES;
				CLANG_WARN_INT_CONVERSION = YES;
				CLANG_WARN_NON_LITERAL_NULL_CONVERSION = YES;
				CLANG_WARN_OBJC_IMPLICIT_RETAIN_SELF = YES;
				CLANG_WARN_OBJC_LITERAL_CONVERSION = YES;
				CLANG_WARN_OBJC_ROOT_CLASS = YES_ERROR;
				CLANG_WARN_QUOTED_INCLUDE_IN_FRAMEWORK_HEADER = YES;
				CLANG_WARN_RANGE_LOOP_ANALYSIS = YES;
				CLANG_WARN_STRICT_PROTOTYPES = YES;
				CLANG_WARN_SUSPICIOUS_MOVE = YES;
				CLANG_WARN_UNGUARDED_AVAILABILITY = YES_AGGRESSIVE;
				CLANG_WARN_UNREACHABLE_CODE = YES;
				CLANG_WARN__DUPLICATE_METHOD_MATCH = YES;
				COPY_PHASE_STRIP = NO;
				DEBUG_INFORMATION_FORMAT = "dwarf-with-dsym";
				ENABLE_NS_ASSERTIONS = NO;
				ENABLE_STRICT_OBJC_MSGSEND = YES;
				GCC_C_LANGUAGE_STANDARD = gnu11;
				GCC_NO_COMMON_BLOCKS = YES;
				GCC_WARN_64_TO_32_BIT_CONVERSION = YES;
				GCC_WARN_ABOUT_RETURN_TYPE = YES_ERROR;
				GCC_WARN_UNDECLARED_SELECTOR = YES;
				GCC_WARN_UNINITIALIZED_AUTOS = YES_AGGRESSIVE;
				GCC_WARN_UNUSED_FUNCTION = YES;
				GCC_WARN_UNUSED_VARIABLE = YES;
				IPHONEOS_DEPLOYMENT_TARGET = 16.1;
				MTL_ENABLE_DEBUG_INFO = NO;
				MTL_FAST_MATH = YES;
				SDKROOT = iphoneos;
				SWIFT_COMPILATION_MODE = wholemodule;
				SWIFT_OPTIMIZATION_LEVEL = "-O";
				VALIDATE_PRODUCT = YES;
			};
			name = Release;
		};
		3417A706299A88F70051391F /* Debug */ = {
			isa = XCBuildConfiguration;
			buildSettings = {
				ASSETCATALOG_COMPILER_APPICON_NAME = AppIcon;
				ASSETCATALOG_COMPILER_GLOBAL_ACCENT_COLOR_NAME = AccentColor;
				CODE_SIGN_STYLE = Automatic;
				CURRENT_PROJECT_VERSION = 1;
				DEVELOPMENT_TEAM = MW926W7WXX;
				GENERATE_INFOPLIST_FILE = YES;
				INFOPLIST_FILE = DateApps2023/Info.plist;
				INFOPLIST_KEY_UIApplicationSupportsIndirectInputEvents = YES;
				INFOPLIST_KEY_UILaunchStoryboardName = LaunchScreen;
				INFOPLIST_KEY_UIMainStoryboardFile = Main;
				INFOPLIST_KEY_UISupportedInterfaceOrientations_iPad = "UIInterfaceOrientationPortrait UIInterfaceOrientationPortraitUpsideDown UIInterfaceOrientationLandscapeLeft UIInterfaceOrientationLandscapeRight";
				INFOPLIST_KEY_UISupportedInterfaceOrientations_iPhone = "UIInterfaceOrientationPortrait UIInterfaceOrientationLandscapeLeft UIInterfaceOrientationLandscapeRight";
				IPHONEOS_DEPLOYMENT_TARGET = 16.1;
				LD_RUNPATH_SEARCH_PATHS = (
					"$(inherited)",
					"@executable_path/Frameworks",
				);
				MARKETING_VERSION = 1.0;
				PRODUCT_BUNDLE_IDENTIFIER = com.riofujimon.DateApps2023;
				PRODUCT_NAME = "$(TARGET_NAME)";
				SWIFT_EMIT_LOC_STRINGS = YES;
				SWIFT_VERSION = 5.0;
				TARGETED_DEVICE_FAMILY = "1,2";
			};
			name = Debug;
		};
		3417A707299A88F70051391F /* Release */ = {
			isa = XCBuildConfiguration;
			buildSettings = {
				ASSETCATALOG_COMPILER_APPICON_NAME = AppIcon;
				ASSETCATALOG_COMPILER_GLOBAL_ACCENT_COLOR_NAME = AccentColor;
				CODE_SIGN_STYLE = Automatic;
				CURRENT_PROJECT_VERSION = 1;
				DEVELOPMENT_TEAM = MW926W7WXX;
				GENERATE_INFOPLIST_FILE = YES;
				INFOPLIST_FILE = DateApps2023/Info.plist;
				INFOPLIST_KEY_UIApplicationSupportsIndirectInputEvents = YES;
				INFOPLIST_KEY_UILaunchStoryboardName = LaunchScreen;
				INFOPLIST_KEY_UIMainStoryboardFile = Main;
				INFOPLIST_KEY_UISupportedInterfaceOrientations_iPad = "UIInterfaceOrientationPortrait UIInterfaceOrientationPortraitUpsideDown UIInterfaceOrientationLandscapeLeft UIInterfaceOrientationLandscapeRight";
				INFOPLIST_KEY_UISupportedInterfaceOrientations_iPhone = "UIInterfaceOrientationPortrait UIInterfaceOrientationLandscapeLeft UIInterfaceOrientationLandscapeRight";
				IPHONEOS_DEPLOYMENT_TARGET = 16.1;
				LD_RUNPATH_SEARCH_PATHS = (
					"$(inherited)",
					"@executable_path/Frameworks",
				);
				MARKETING_VERSION = 1.0;
				PRODUCT_BUNDLE_IDENTIFIER = com.riofujimon.DateApps2023;
				PRODUCT_NAME = "$(TARGET_NAME)";
				SWIFT_EMIT_LOC_STRINGS = YES;
				SWIFT_VERSION = 5.0;
				TARGETED_DEVICE_FAMILY = "1,2";
			};
			name = Release;
		};
		3417A709299A88F70051391F /* Debug */ = {
			isa = XCBuildConfiguration;
			buildSettings = {
				ALWAYS_EMBED_SWIFT_STANDARD_LIBRARIES = YES;
				BUNDLE_LOADER = "$(TEST_HOST)";
				CODE_SIGN_STYLE = Automatic;
				CURRENT_PROJECT_VERSION = 1;
				DEVELOPMENT_TEAM = MW926W7WXX;
				GENERATE_INFOPLIST_FILE = YES;
				IPHONEOS_DEPLOYMENT_TARGET = 16.1;
				MARKETING_VERSION = 1.0;
				PRODUCT_BUNDLE_IDENTIFIER = com.riofujimon.DateApps2023Tests;
				PRODUCT_NAME = "$(TARGET_NAME)";
				SWIFT_EMIT_LOC_STRINGS = NO;
				SWIFT_VERSION = 5.0;
				TARGETED_DEVICE_FAMILY = "1,2";
				TEST_HOST = "$(BUILT_PRODUCTS_DIR)/DateApps2023.app/$(BUNDLE_EXECUTABLE_FOLDER_PATH)/DateApps2023";
			};
			name = Debug;
		};
		3417A70A299A88F70051391F /* Release */ = {
			isa = XCBuildConfiguration;
			buildSettings = {
				ALWAYS_EMBED_SWIFT_STANDARD_LIBRARIES = YES;
				BUNDLE_LOADER = "$(TEST_HOST)";
				CODE_SIGN_STYLE = Automatic;
				CURRENT_PROJECT_VERSION = 1;
				DEVELOPMENT_TEAM = MW926W7WXX;
				GENERATE_INFOPLIST_FILE = YES;
				IPHONEOS_DEPLOYMENT_TARGET = 16.1;
				MARKETING_VERSION = 1.0;
				PRODUCT_BUNDLE_IDENTIFIER = com.riofujimon.DateApps2023Tests;
				PRODUCT_NAME = "$(TARGET_NAME)";
				SWIFT_EMIT_LOC_STRINGS = NO;
				SWIFT_VERSION = 5.0;
				TARGETED_DEVICE_FAMILY = "1,2";
				TEST_HOST = "$(BUILT_PRODUCTS_DIR)/DateApps2023.app/$(BUNDLE_EXECUTABLE_FOLDER_PATH)/DateApps2023";
			};
			name = Release;
		};
		3417A70C299A88F70051391F /* Debug */ = {
			isa = XCBuildConfiguration;
			buildSettings = {
				ALWAYS_EMBED_SWIFT_STANDARD_LIBRARIES = YES;
				CODE_SIGN_STYLE = Automatic;
				CURRENT_PROJECT_VERSION = 1;
				DEVELOPMENT_TEAM = MW926W7WXX;
				GENERATE_INFOPLIST_FILE = YES;
				MARKETING_VERSION = 1.0;
				PRODUCT_BUNDLE_IDENTIFIER = com.riofujimon.DateApps2023UITests;
				PRODUCT_NAME = "$(TARGET_NAME)";
				SWIFT_EMIT_LOC_STRINGS = NO;
				SWIFT_VERSION = 5.0;
				TARGETED_DEVICE_FAMILY = "1,2";
				TEST_TARGET_NAME = DateApps2023;
			};
			name = Debug;
		};
		3417A70D299A88F70051391F /* Release */ = {
			isa = XCBuildConfiguration;
			buildSettings = {
				ALWAYS_EMBED_SWIFT_STANDARD_LIBRARIES = YES;
				CODE_SIGN_STYLE = Automatic;
				CURRENT_PROJECT_VERSION = 1;
				DEVELOPMENT_TEAM = MW926W7WXX;
				GENERATE_INFOPLIST_FILE = YES;
				MARKETING_VERSION = 1.0;
				PRODUCT_BUNDLE_IDENTIFIER = com.riofujimon.DateApps2023UITests;
				PRODUCT_NAME = "$(TARGET_NAME)";
				SWIFT_EMIT_LOC_STRINGS = NO;
				SWIFT_VERSION = 5.0;
				TARGETED_DEVICE_FAMILY = "1,2";
				TEST_TARGET_NAME = DateApps2023;
			};
			name = Release;
		};
/* End XCBuildConfiguration section */

/* Begin XCConfigurationList section */
		3417A6D6299A88F60051391F /* Build configuration list for PBXProject "DateApps2023" */ = {
			isa = XCConfigurationList;
			buildConfigurations = (
				3417A703299A88F70051391F /* Debug */,
				3417A704299A88F70051391F /* Release */,
			);
			defaultConfigurationIsVisible = 0;
			defaultConfigurationName = Release;
		};
		3417A705299A88F70051391F /* Build configuration list for PBXNativeTarget "DateApps2023" */ = {
			isa = XCConfigurationList;
			buildConfigurations = (
				3417A706299A88F70051391F /* Debug */,
				3417A707299A88F70051391F /* Release */,
			);
			defaultConfigurationIsVisible = 0;
			defaultConfigurationName = Release;
		};
		3417A708299A88F70051391F /* Build configuration list for PBXNativeTarget "DateApps2023Tests" */ = {
			isa = XCConfigurationList;
			buildConfigurations = (
				3417A709299A88F70051391F /* Debug */,
				3417A70A299A88F70051391F /* Release */,
			);
			defaultConfigurationIsVisible = 0;
			defaultConfigurationName = Release;
		};
		3417A70B299A88F70051391F /* Build configuration list for PBXNativeTarget "DateApps2023UITests" */ = {
			isa = XCConfigurationList;
			buildConfigurations = (
				3417A70C299A88F70051391F /* Debug */,
				3417A70D299A88F70051391F /* Release */,
			);
			defaultConfigurationIsVisible = 0;
			defaultConfigurationName = Release;
		};
/* End XCConfigurationList section */

/* Begin XCRemoteSwiftPackageReference section */
		3426D2CF299B7D05008EF9E4 /* XCRemoteSwiftPackageReference "RxSwift" */ = {
			isa = XCRemoteSwiftPackageReference;
			repositoryURL = "https://github.com/ReactiveX/RxSwift.git";
			requirement = {
				branch = main;
				kind = branch;
			};
		};
		342EFCB8299B235700AE8C96 /* XCRemoteSwiftPackageReference "firebase-ios-sdk" */ = {
			isa = XCRemoteSwiftPackageReference;
			repositoryURL = "https://github.com/firebase/firebase-ios-sdk";
			requirement = {
				branch = master;
				kind = branch;
			};
		};
/* End XCRemoteSwiftPackageReference section */

/* Begin XCSwiftPackageProductDependency section */
		3426D2D0299B7D05008EF9E4 /* RxBlocking */ = {
			isa = XCSwiftPackageProductDependency;
			package = 3426D2CF299B7D05008EF9E4 /* XCRemoteSwiftPackageReference "RxSwift" */;
			productName = RxBlocking;
		};
		3426D2D2299B7D05008EF9E4 /* RxCocoa */ = {
			isa = XCSwiftPackageProductDependency;
			package = 3426D2CF299B7D05008EF9E4 /* XCRemoteSwiftPackageReference "RxSwift" */;
			productName = RxCocoa;
		};
		3426D2D4299B7D05008EF9E4 /* RxRelay */ = {
			isa = XCSwiftPackageProductDependency;
			package = 3426D2CF299B7D05008EF9E4 /* XCRemoteSwiftPackageReference "RxSwift" */;
			productName = RxRelay;
		};
		3426D2D6299B7D05008EF9E4 /* RxSwift */ = {
			isa = XCSwiftPackageProductDependency;
			package = 3426D2CF299B7D05008EF9E4 /* XCRemoteSwiftPackageReference "RxSwift" */;
			productName = RxSwift;
		};
		3426D2D8299B7D05008EF9E4 /* RxTest */ = {
			isa = XCSwiftPackageProductDependency;
			package = 3426D2CF299B7D05008EF9E4 /* XCRemoteSwiftPackageReference "RxSwift" */;
			productName = RxTest;
		};
		342EFCB9299B235700AE8C96 /* FirebaseAnalytics */ = {
			isa = XCSwiftPackageProductDependency;
			package = 342EFCB8299B235700AE8C96 /* XCRemoteSwiftPackageReference "firebase-ios-sdk" */;
			productName = FirebaseAnalytics;
		};
		342EFCBB299B235700AE8C96 /* FirebaseAuth */ = {
			isa = XCSwiftPackageProductDependency;
			package = 342EFCB8299B235700AE8C96 /* XCRemoteSwiftPackageReference "firebase-ios-sdk" */;
			productName = FirebaseAuth;
		};
		342EFCBD299B235700AE8C96 /* FirebaseFirestore */ = {
			isa = XCSwiftPackageProductDependency;
			package = 342EFCB8299B235700AE8C96 /* XCRemoteSwiftPackageReference "firebase-ios-sdk" */;
			productName = FirebaseFirestore;
		};
		342EFCBF299B235700AE8C96 /* FirebaseStorage */ = {
			isa = XCSwiftPackageProductDependency;
			package = 342EFCB8299B235700AE8C96 /* XCRemoteSwiftPackageReference "firebase-ios-sdk" */;
			productName = FirebaseStorage;
		};
/* End XCSwiftPackageProductDependency section */
	};
	rootObject = 3417A6D3299A88F60051391F /* Project object */;
}
